
Microsoft Visual Studio Solution File, Format Version 12.00
# Visual Studio Version 16
VisualStudioVersion = 16.0.31515.178
MinimumVisualStudioVersion = 10.0.40219.1
Project("{FAE04EC0-301F-11D3-BF4B-00C04F79EFBC}") = "CIATestDotNot", "CIATestDotNot\CIATestDotNot.csproj", "{9FEC4691-8DD0-4501-BFC0-658CC600B6F1}"
EndProject
Global
	GlobalSection(SolutionConfigurationPlatforms) = preSolution
		Debug|Any CPU = Debug|Any CPU
		Release|Any CPU = Release|Any CPU
	EndGlobalSection
	GlobalSection(ProjectConfigurationPlatforms) = postSolution
		{9FEC4691-8DD0-4501-BFC0-658CC600B6F1}.Debug|Any CPU.ActiveCfg = Debug|Any CPU
		{9FEC4691-8DD0-4501-BFC0-658CC600B6F1}.Debug|Any CPU.Build.0 = Debug|Any CPU
		{9FEC4691-8DD0-4501-BFC0-658CC600B6F1}.Release|Any CPU.ActiveCfg = Release|Any CPU
		{9FEC4691-8DD0-4501-BFC0-658CC600B6F1}.Release|Any CPU.Build.0 = Release|Any CPU
	EndGlobalSection
	GlobalSection(SolutionProperties) = preSolution
		HideSolutionNode = FALSE
	EndGlobalSection
	GlobalSection(ExtensibilityGlobals) = postSolution
		SolutionGuid = {A870660D-0A84-406E-A12D-5F082086E7AB}
	EndGlobalSection
EndGlobal
