
Microsoft Visual Studio Solution File, Format Version 12.00
# Visual Studio Version 16
VisualStudioVersion = 16.0.31515.178
MinimumVisualStudioVersion = 10.0.40219.1
Project("{FAE04EC0-301F-11D3-BF4B-00C04F79EFBC}") = "classTask", "classTask\classTask.csproj", "{4CDB3C1B-ACFA-4C00-8933-28F4913DF24F}"
EndProject
Global
	GlobalSection(SolutionConfigurationPlatforms) = preSolution
		Debug|Any CPU = Debug|Any CPU
		Release|Any CPU = Release|Any CPU
	EndGlobalSection
	GlobalSection(ProjectConfigurationPlatforms) = postSolution
		{4CDB3C1B-ACFA-4C00-8933-28F4913DF24F}.Debug|Any CPU.ActiveCfg = Debug|Any CPU
		{4CDB3C1B-ACFA-4C00-8933-28F4913DF24F}.Debug|Any CPU.Build.0 = Debug|Any CPU
		{4CDB3C1B-ACFA-4C00-8933-28F4913DF24F}.Release|Any CPU.ActiveCfg = Release|Any CPU
		{4CDB3C1B-ACFA-4C00-8933-28F4913DF24F}.Release|Any CPU.Build.0 = Release|Any CPU
	EndGlobalSection
	GlobalSection(SolutionProperties) = preSolution
		HideSolutionNode = FALSE
	EndGlobalSection
	GlobalSection(ExtensibilityGlobals) = postSolution
		SolutionGuid = {20E5112F-5517-467C-988C-390A98B3B884}
	EndGlobalSection
EndGlobal
